
Microsoft Visual Studio Solution File, Format Version 12.00
# Visual Studio 15
VisualStudioVersion = 15.0.28307.1831
MinimumVisualStudioVersion = 10.0.40219.1
Project("{FAE04EC0-301F-11D3-BF4B-00C04F79EFBC}") = "HelloWorld", "HelloWorld\HelloWorld.csproj", "{33756CA3-3052-4E9C-B2D1-D1375B866C30}"
EndProject
Project("{FAE04EC0-301F-11D3-BF4B-00C04F79EFBC}") = "DataTypes", "DataTypes\DataTypes.csproj", "{43D849A2-0293-4BF9-8BB0-B011761982FD}"
EndProject
Project("{FAE04EC0-301F-11D3-BF4B-00C04F79EFBC}") = "SimpleAdd", "SimpleAdd\SimpleAdd.csproj", "{35636C22-F88F-43EE-B35F-5121017E917B}"
EndProject
Project("{FAE04EC0-301F-11D3-BF4B-00C04F79EFBC}") = "Loops", "Loops\Loops.csproj", "{73AF5022-4823-420E-9A5B-6E66C9378AE1}"
EndProject
Project("{FAE04EC0-301F-11D3-BF4B-00C04F79EFBC}") = "Methods", "Methods\Methods.csproj", "{4AA355C2-463F-471E-B24C-496F6F06FBEE}"
EndProject
Project("{FAE04EC0-301F-11D3-BF4B-00C04F79EFBC}") = "Methods2", "Methods2\Methods2.csproj", "{A77D06F9-8B54-4FF9-B33A-2FAB3777F49A}"
EndProject
Project("{FAE04EC0-301F-11D3-BF4B-00C04F79EFBC}") = "StringsBasics", "StringsBasics\StringsBasics.csproj", "{A616DEEB-83A5-450F-8D8B-D45D27E3DA87}"
EndProject
Project("{FAE04EC0-301F-11D3-BF4B-00C04F79EFBC}") = "BoxingandUnboxing", "BoxingandUnboxing\BoxingandUnboxing.csproj", "{4D60EFE2-832F-42DE-956A-CE2471A9D0EE}"
EndProject
Project("{FAE04EC0-301F-11D3-BF4B-00C04F79EFBC}") = "NullableTypes", "NullableTypes\NullableTypes.csproj", "{D53965BC-45DC-40FD-B668-C629F72CBC59}"
EndProject
Project("{FAE04EC0-301F-11D3-BF4B-00C04F79EFBC}") = "ArraysBasics", "ArraysBasics\ArraysBasics.csproj", "{A8755BA7-427B-4DDE-874F-0CF83D424113}"
EndProject
Project("{FAE04EC0-301F-11D3-BF4B-00C04F79EFBC}") = "CollectionsBasics", "CollectionsBasics\CollectionsBasics.csproj", "{330D3760-D548-4CE4-BC65-AAB7FF874CE4}"
EndProject
Project("{FAE04EC0-301F-11D3-BF4B-00C04F79EFBC}") = "GenericCollectionsBasics", "GenericCollectionsBasics\GenericCollectionsBasics.csproj", "{928904C7-A801-4D11-B58A-8984986AE14C}"
EndProject
Project("{FAE04EC0-301F-11D3-BF4B-00C04F79EFBC}") = "OopsBasics", "OopsBasics\OopsBasics.csproj", "{515BD1CF-DF04-4BEB-83FF-22F026634FA0}"
EndProject
Project("{FAE04EC0-301F-11D3-BF4B-00C04F79EFBC}") = "TokenTask", "TokenTask\TokenTask.csproj", "{8AA25C11-BEC7-4301-8C6C-61DD200D4FED}"
EndProject
Project("{FAE04EC0-301F-11D3-BF4B-00C04F79EFBC}") = "SampleAccount", "SampleAccount\SampleAccount.csproj", "{FAE0C6FF-ACA1-4AF9-B415-65842A55D81C}"
EndProject
Project("{FAE04EC0-301F-11D3-BF4B-00C04F79EFBC}") = "StaticClassBasics", "StaticClassBasics\StaticClassBasics.csproj", "{8FF54A3D-ADAE-4AEC-AB6F-43B8633E37AA}"
EndProject
Project("{FAE04EC0-301F-11D3-BF4B-00C04F79EFBC}") = "InterfaceBasics", "InterfaceBasics\InterfaceBasics.csproj", "{E49BF6FD-7A72-4A24-BF48-1EBCCDA0FAF2}"
EndProject
Project("{FAE04EC0-301F-11D3-BF4B-00C04F79EFBC}") = "InheritanceTask", "InheritanceTask\InheritanceTask.csproj", "{AFD37056-256B-4800-A4D9-BB9C4BBB7A33}"
EndProject
Project("{FAE04EC0-301F-11D3-BF4B-00C04F79EFBC}") = "CollectionInterfaces", "CollectionInterfaces\CollectionInterfaces.csproj", "{7F6AB7EE-789D-4E54-A770-EC9A0223C3FC}"
EndProject
Project("{FAE04EC0-301F-11D3-BF4B-00C04F79EFBC}") = "IteratableClass", "IteratableClass\IteratableClass.csproj", "{3143A81E-53A0-48FD-A20C-CFD49B218F04}"
EndProject
Project("{FAE04EC0-301F-11D3-BF4B-00C04F79EFBC}") = "CalculaorLibrary", "CalculaorLibrary\CalculaorLibrary.csproj", "{4F129BD6-0294-4EE9-8883-827BC094A48E}"
EndProject
Project("{FAE04EC0-301F-11D3-BF4B-00C04F79EFBC}") = "MyCalcApp", "MyCalcApp\MyCalcApp.csproj", "{567D4790-EDAE-49AA-8061-A14DF1DC870F}"
EndProject
Project("{FAE04EC0-301F-11D3-BF4B-00C04F79EFBC}") = "ExceptionBasics", "ExceptionBasics\ExceptionBasics.csproj", "{EAB45ED5-8727-4E99-9126-FF5F035D8BBA}"
EndProject
Project("{FAE04EC0-301F-11D3-BF4B-00C04F79EFBC}") = "NamespaceBasics", "NamespaceBasics\NamespaceBasics.csproj", "{C0B20C4E-BBEF-4925-9DC0-FFCFB892010C}"
EndProject
Project("{FAE04EC0-301F-11D3-BF4B-00C04F79EFBC}") = "PartialClasses", "PartialClasses\PartialClasses.csproj", "{4221223D-5701-4DAE-8FD9-CA6FE3EE949C}"
EndProject
Project("{FAE04EC0-301F-11D3-BF4B-00C04F79EFBC}") = "ExtentionMethods", "ExtentionMethods\ExtentionMethods.csproj", "{767F7A31-EC3C-415E-870A-F92FB03CF1BA}"
EndProject
Global
	GlobalSection(SolutionConfigurationPlatforms) = preSolution
		Debug|Any CPU = Debug|Any CPU
		Release|Any CPU = Release|Any CPU
	EndGlobalSection
	GlobalSection(ProjectConfigurationPlatforms) = postSolution
		{33756CA3-3052-4E9C-B2D1-D1375B866C30}.Debug|Any CPU.ActiveCfg = Debug|Any CPU
		{33756CA3-3052-4E9C-B2D1-D1375B866C30}.Debug|Any CPU.Build.0 = Debug|Any CPU
		{33756CA3-3052-4E9C-B2D1-D1375B866C30}.Release|Any CPU.ActiveCfg = Release|Any CPU
		{33756CA3-3052-4E9C-B2D1-D1375B866C30}.Release|Any CPU.Build.0 = Release|Any CPU
		{43D849A2-0293-4BF9-8BB0-B011761982FD}.Debug|Any CPU.ActiveCfg = Debug|Any CPU
		{43D849A2-0293-4BF9-8BB0-B011761982FD}.Debug|Any CPU.Build.0 = Debug|Any CPU
		{43D849A2-0293-4BF9-8BB0-B011761982FD}.Release|Any CPU.ActiveCfg = Release|Any CPU
		{43D849A2-0293-4BF9-8BB0-B011761982FD}.Release|Any CPU.Build.0 = Release|Any CPU
		{35636C22-F88F-43EE-B35F-5121017E917B}.Debug|Any CPU.ActiveCfg = Debug|Any CPU
		{35636C22-F88F-43EE-B35F-5121017E917B}.Debug|Any CPU.Build.0 = Debug|Any CPU
		{35636C22-F88F-43EE-B35F-5121017E917B}.Release|Any CPU.ActiveCfg = Release|Any CPU
		{35636C22-F88F-43EE-B35F-5121017E917B}.Release|Any CPU.Build.0 = Release|Any CPU
		{73AF5022-4823-420E-9A5B-6E66C9378AE1}.Debug|Any CPU.ActiveCfg = Debug|Any CPU
		{73AF5022-4823-420E-9A5B-6E66C9378AE1}.Debug|Any CPU.Build.0 = Debug|Any CPU
		{73AF5022-4823-420E-9A5B-6E66C9378AE1}.Release|Any CPU.ActiveCfg = Release|Any CPU
		{73AF5022-4823-420E-9A5B-6E66C9378AE1}.Release|Any CPU.Build.0 = Release|Any CPU
		{4AA355C2-463F-471E-B24C-496F6F06FBEE}.Debug|Any CPU.ActiveCfg = Debug|Any CPU
		{4AA355C2-463F-471E-B24C-496F6F06FBEE}.Debug|Any CPU.Build.0 = Debug|Any CPU
		{4AA355C2-463F-471E-B24C-496F6F06FBEE}.Release|Any CPU.ActiveCfg = Release|Any CPU
		{4AA355C2-463F-471E-B24C-496F6F06FBEE}.Release|Any CPU.Build.0 = Release|Any CPU
		{A77D06F9-8B54-4FF9-B33A-2FAB3777F49A}.Debug|Any CPU.ActiveCfg = Debug|Any CPU
		{A77D06F9-8B54-4FF9-B33A-2FAB3777F49A}.Debug|Any CPU.Build.0 = Debug|Any CPU
		{A77D06F9-8B54-4FF9-B33A-2FAB3777F49A}.Release|Any CPU.ActiveCfg = Release|Any CPU
		{A77D06F9-8B54-4FF9-B33A-2FAB3777F49A}.Release|Any CPU.Build.0 = Release|Any CPU
		{A616DEEB-83A5-450F-8D8B-D45D27E3DA87}.Debug|Any CPU.ActiveCfg = Debug|Any CPU
		{A616DEEB-83A5-450F-8D8B-D45D27E3DA87}.Debug|Any CPU.Build.0 = Debug|Any CPU
		{A616DEEB-83A5-450F-8D8B-D45D27E3DA87}.Release|Any CPU.ActiveCfg = Release|Any CPU
		{A616DEEB-83A5-450F-8D8B-D45D27E3DA87}.Release|Any CPU.Build.0 = Release|Any CPU
		{4D60EFE2-832F-42DE-956A-CE2471A9D0EE}.Debug|Any CPU.ActiveCfg = Debug|Any CPU
		{4D60EFE2-832F-42DE-956A-CE2471A9D0EE}.Debug|Any CPU.Build.0 = Debug|Any CPU
		{4D60EFE2-832F-42DE-956A-CE2471A9D0EE}.Release|Any CPU.ActiveCfg = Release|Any CPU
		{4D60EFE2-832F-42DE-956A-CE2471A9D0EE}.Release|Any CPU.Build.0 = Release|Any CPU
		{D53965BC-45DC-40FD-B668-C629F72CBC59}.Debug|Any CPU.ActiveCfg = Debug|Any CPU
		{D53965BC-45DC-40FD-B668-C629F72CBC59}.Debug|Any CPU.Build.0 = Debug|Any CPU
		{D53965BC-45DC-40FD-B668-C629F72CBC59}.Release|Any CPU.ActiveCfg = Release|Any CPU
		{D53965BC-45DC-40FD-B668-C629F72CBC59}.Release|Any CPU.Build.0 = Release|Any CPU
		{A8755BA7-427B-4DDE-874F-0CF83D424113}.Debug|Any CPU.ActiveCfg = Debug|Any CPU
		{A8755BA7-427B-4DDE-874F-0CF83D424113}.Debug|Any CPU.Build.0 = Debug|Any CPU
		{A8755BA7-427B-4DDE-874F-0CF83D424113}.Release|Any CPU.ActiveCfg = Release|Any CPU
		{A8755BA7-427B-4DDE-874F-0CF83D424113}.Release|Any CPU.Build.0 = Release|Any CPU
		{330D3760-D548-4CE4-BC65-AAB7FF874CE4}.Debug|Any CPU.ActiveCfg = Debug|Any CPU
		{330D3760-D548-4CE4-BC65-AAB7FF874CE4}.Debug|Any CPU.Build.0 = Debug|Any CPU
		{330D3760-D548-4CE4-BC65-AAB7FF874CE4}.Release|Any CPU.ActiveCfg = Release|Any CPU
		{330D3760-D548-4CE4-BC65-AAB7FF874CE4}.Release|Any CPU.Build.0 = Release|Any CPU
		{928904C7-A801-4D11-B58A-8984986AE14C}.Debug|Any CPU.ActiveCfg = Debug|Any CPU
		{928904C7-A801-4D11-B58A-8984986AE14C}.Debug|Any CPU.Build.0 = Debug|Any CPU
		{928904C7-A801-4D11-B58A-8984986AE14C}.Release|Any CPU.ActiveCfg = Release|Any CPU
		{928904C7-A801-4D11-B58A-8984986AE14C}.Release|Any CPU.Build.0 = Release|Any CPU
		{515BD1CF-DF04-4BEB-83FF-22F026634FA0}.Debug|Any CPU.ActiveCfg = Debug|Any CPU
		{515BD1CF-DF04-4BEB-83FF-22F026634FA0}.Debug|Any CPU.Build.0 = Debug|Any CPU
		{515BD1CF-DF04-4BEB-83FF-22F026634FA0}.Release|Any CPU.ActiveCfg = Release|Any CPU
		{515BD1CF-DF04-4BEB-83FF-22F026634FA0}.Release|Any CPU.Build.0 = Release|Any CPU
		{8AA25C11-BEC7-4301-8C6C-61DD200D4FED}.Debug|Any CPU.ActiveCfg = Debug|Any CPU
		{8AA25C11-BEC7-4301-8C6C-61DD200D4FED}.Debug|Any CPU.Build.0 = Debug|Any CPU
		{8AA25C11-BEC7-4301-8C6C-61DD200D4FED}.Release|Any CPU.ActiveCfg = Release|Any CPU
		{8AA25C11-BEC7-4301-8C6C-61DD200D4FED}.Release|Any CPU.Build.0 = Release|Any CPU
		{FAE0C6FF-ACA1-4AF9-B415-65842A55D81C}.Debug|Any CPU.ActiveCfg = Debug|Any CPU
		{FAE0C6FF-ACA1-4AF9-B415-65842A55D81C}.Debug|Any CPU.Build.0 = Debug|Any CPU
		{FAE0C6FF-ACA1-4AF9-B415-65842A55D81C}.Release|Any CPU.ActiveCfg = Release|Any CPU
		{FAE0C6FF-ACA1-4AF9-B415-65842A55D81C}.Release|Any CPU.Build.0 = Release|Any CPU
		{8FF54A3D-ADAE-4AEC-AB6F-43B8633E37AA}.Debug|Any CPU.ActiveCfg = Debug|Any CPU
		{8FF54A3D-ADAE-4AEC-AB6F-43B8633E37AA}.Debug|Any CPU.Build.0 = Debug|Any CPU
		{8FF54A3D-ADAE-4AEC-AB6F-43B8633E37AA}.Release|Any CPU.ActiveCfg = Release|Any CPU
		{8FF54A3D-ADAE-4AEC-AB6F-43B8633E37AA}.Release|Any CPU.Build.0 = Release|Any CPU
		{E49BF6FD-7A72-4A24-BF48-1EBCCDA0FAF2}.Debug|Any CPU.ActiveCfg = Debug|Any CPU
		{E49BF6FD-7A72-4A24-BF48-1EBCCDA0FAF2}.Debug|Any CPU.Build.0 = Debug|Any CPU
		{E49BF6FD-7A72-4A24-BF48-1EBCCDA0FAF2}.Release|Any CPU.ActiveCfg = Release|Any CPU
		{E49BF6FD-7A72-4A24-BF48-1EBCCDA0FAF2}.Release|Any CPU.Build.0 = Release|Any CPU
		{AFD37056-256B-4800-A4D9-BB9C4BBB7A33}.Debug|Any CPU.ActiveCfg = Debug|Any CPU
		{AFD37056-256B-4800-A4D9-BB9C4BBB7A33}.Debug|Any CPU.Build.0 = Debug|Any CPU
		{AFD37056-256B-4800-A4D9-BB9C4BBB7A33}.Release|Any CPU.ActiveCfg = Release|Any CPU
		{AFD37056-256B-4800-A4D9-BB9C4BBB7A33}.Release|Any CPU.Build.0 = Release|Any CPU
		{7F6AB7EE-789D-4E54-A770-EC9A0223C3FC}.Debug|Any CPU.ActiveCfg = Debug|Any CPU
		{7F6AB7EE-789D-4E54-A770-EC9A0223C3FC}.Debug|Any CPU.Build.0 = Debug|Any CPU
		{7F6AB7EE-789D-4E54-A770-EC9A0223C3FC}.Release|Any CPU.ActiveCfg = Release|Any CPU
		{7F6AB7EE-789D-4E54-A770-EC9A0223C3FC}.Release|Any CPU.Build.0 = Release|Any CPU
		{3143A81E-53A0-48FD-A20C-CFD49B218F04}.Debug|Any CPU.ActiveCfg = Debug|Any CPU
		{3143A81E-53A0-48FD-A20C-CFD49B218F04}.Debug|Any CPU.Build.0 = Debug|Any CPU
		{3143A81E-53A0-48FD-A20C-CFD49B218F04}.Release|Any CPU.ActiveCfg = Release|Any CPU
		{3143A81E-53A0-48FD-A20C-CFD49B218F04}.Release|Any CPU.Build.0 = Release|Any CPU
		{4F129BD6-0294-4EE9-8883-827BC094A48E}.Debug|Any CPU.ActiveCfg = Debug|Any CPU
		{4F129BD6-0294-4EE9-8883-827BC094A48E}.Debug|Any CPU.Build.0 = Debug|Any CPU
		{4F129BD6-0294-4EE9-8883-827BC094A48E}.Release|Any CPU.ActiveCfg = Release|Any CPU
		{4F129BD6-0294-4EE9-8883-827BC094A48E}.Release|Any CPU.Build.0 = Release|Any CPU
		{567D4790-EDAE-49AA-8061-A14DF1DC870F}.Debug|Any CPU.ActiveCfg = Debug|Any CPU
		{567D4790-EDAE-49AA-8061-A14DF1DC870F}.Debug|Any CPU.Build.0 = Debug|Any CPU
		{567D4790-EDAE-49AA-8061-A14DF1DC870F}.Release|Any CPU.ActiveCfg = Release|Any CPU
		{567D4790-EDAE-49AA-8061-A14DF1DC870F}.Release|Any CPU.Build.0 = Release|Any CPU
		{EAB45ED5-8727-4E99-9126-FF5F035D8BBA}.Debug|Any CPU.ActiveCfg = Debug|Any CPU
		{EAB45ED5-8727-4E99-9126-FF5F035D8BBA}.Debug|Any CPU.Build.0 = Debug|Any CPU
		{EAB45ED5-8727-4E99-9126-FF5F035D8BBA}.Release|Any CPU.ActiveCfg = Release|Any CPU
		{EAB45ED5-8727-4E99-9126-FF5F035D8BBA}.Release|Any CPU.Build.0 = Release|Any CPU
		{C0B20C4E-BBEF-4925-9DC0-FFCFB892010C}.Debug|Any CPU.ActiveCfg = Debug|Any CPU
		{C0B20C4E-BBEF-4925-9DC0-FFCFB892010C}.Debug|Any CPU.Build.0 = Debug|Any CPU
		{C0B20C4E-BBEF-4925-9DC0-FFCFB892010C}.Release|Any CPU.ActiveCfg = Release|Any CPU
		{C0B20C4E-BBEF-4925-9DC0-FFCFB892010C}.Release|Any CPU.Build.0 = Release|Any CPU
		{4221223D-5701-4DAE-8FD9-CA6FE3EE949C}.Debug|Any CPU.ActiveCfg = Debug|Any CPU
		{4221223D-5701-4DAE-8FD9-CA6FE3EE949C}.Debug|Any CPU.Build.0 = Debug|Any CPU
		{4221223D-5701-4DAE-8FD9-CA6FE3EE949C}.Release|Any CPU.ActiveCfg = Release|Any CPU
		{4221223D-5701-4DAE-8FD9-CA6FE3EE949C}.Release|Any CPU.Build.0 = Release|Any CPU
		{767F7A31-EC3C-415E-870A-F92FB03CF1BA}.Debug|Any CPU.ActiveCfg = Debug|Any CPU
		{767F7A31-EC3C-415E-870A-F92FB03CF1BA}.Debug|Any CPU.Build.0 = Debug|Any CPU
		{767F7A31-EC3C-415E-870A-F92FB03CF1BA}.Release|Any CPU.ActiveCfg = Release|Any CPU
		{767F7A31-EC3C-415E-870A-F92FB03CF1BA}.Release|Any CPU.Build.0 = Release|Any CPU
	EndGlobalSection
	GlobalSection(SolutionProperties) = preSolution
		HideSolutionNode = FALSE
	EndGlobalSection
	GlobalSection(ExtensibilityGlobals) = postSolution
		SolutionGuid = {C59D7E1F-1ECE-4EE7-8DA2-2B24D8DA0633}
	EndGlobalSection
EndGlobal
